
Microsoft Visual Studio Solution File, Format Version 12.00
# Visual Studio Version 17
VisualStudioVersion = 17.14.36203.30 d17.14
MinimumVisualStudioVersion = 10.0.40219.1
Project("{FAE04EC0-301F-11D3-BF4B-00C04F79EFBC}") = "EnergiaApi", "EnergiaApi.csproj", "{70F2CAF4-C116-465F-97B8-7668864FA631}"
EndProject
Global
	GlobalSection(SolutionConfigurationPlatforms) = preSolution
		Debug|Any CPU = Debug|Any CPU
		Release|Any CPU = Release|Any CPU
	EndGlobalSection
	GlobalSection(ProjectConfigurationPlatforms) = postSolution
		{70F2CAF4-C116-465F-97B8-7668864FA631}.Debug|Any CPU.ActiveCfg = Debug|Any CPU
		{70F2CAF4-C116-465F-97B8-7668864FA631}.Debug|Any CPU.Build.0 = Debug|Any CPU
		{70F2CAF4-C116-465F-97B8-7668864FA631}.Release|Any CPU.ActiveCfg = Release|Any CPU
		{70F2CAF4-C116-465F-97B8-7668864FA631}.Release|Any CPU.Build.0 = Release|Any CPU
	EndGlobalSection
	GlobalSection(SolutionProperties) = preSolution
		HideSolutionNode = FALSE
	EndGlobalSection
	GlobalSection(ExtensibilityGlobals) = postSolution
		SolutionGuid = {284FF268-FBED-419A-AD08-AA0D1CA6B48E}
	EndGlobalSection
EndGlobal
